// !$*UTF8*$!
{
	archiveVersion = 1;
	classes = {
	};
	objectVersion = 55;
	objects = {

/* Begin PBXBuildFile section */
		850B6739290458400032B34E /* HighlightsTableViewCell.swift in Sources */ = {isa = PBXBuildFile; fileRef = 850B6737290458400032B34E /* HighlightsTableViewCell.swift */; };
		850B673A290458400032B34E /* HighlightsTableViewCell.xib in Resources */ = {isa = PBXBuildFile; fileRef = 850B6738290458400032B34E /* HighlightsTableViewCell.xib */; };
		850B673D290458690032B34E /* HighlightsCollectionViewCell.swift in Sources */ = {isa = PBXBuildFile; fileRef = 850B673B290458690032B34E /* HighlightsCollectionViewCell.swift */; };
		850B673E290458690032B34E /* HighlightsCollectionViewCell.xib in Resources */ = {isa = PBXBuildFile; fileRef = 850B673C290458690032B34E /* HighlightsCollectionViewCell.xib */; };
		850B6740290471140032B34E /* Highlight.swift in Sources */ = {isa = PBXBuildFile; fileRef = 850B673F290471140032B34E /* Highlight.swift */; };
		850B674729047DBF0032B34E /* PostsTableViewCell.swift in Sources */ = {isa = PBXBuildFile; fileRef = 850B674529047DBF0032B34E /* PostsTableViewCell.swift */; };
		850B674829047DBF0032B34E /* PostsTableViewCell.xib in Resources */ = {isa = PBXBuildFile; fileRef = 850B674629047DBF0032B34E /* PostsTableViewCell.xib */; };
		850B674C290486760032B34E /* PostCollectionViewCell.swift in Sources */ = {isa = PBXBuildFile; fileRef = 850B674A290486760032B34E /* PostCollectionViewCell.swift */; };
		850B674D290486760032B34E /* PostCollectionViewCell.xib in Resources */ = {isa = PBXBuildFile; fileRef = 850B674B290486760032B34E /* PostCollectionViewCell.xib */; };
		850B674F290487030032B34E /* Post.swift in Sources */ = {isa = PBXBuildFile; fileRef = 850B674E290487030032B34E /* Post.swift */; };
		855E4AB929004CD200DA8276 /* ActionSubscribeTableViewCell.swift in Sources */ = {isa = PBXBuildFile; fileRef = 855E4AB729004CD200DA8276 /* ActionSubscribeTableViewCell.swift */; };
		855E4ABA29004CD200DA8276 /* ActionSubscribeTableViewCell.xib in Resources */ = {isa = PBXBuildFile; fileRef = 855E4AB829004CD200DA8276 /* ActionSubscribeTableViewCell.xib */; };
		855E4ABD2901D3BF00DA8276 /* NSMutableAttributedString+Extension.swift in Sources */ = {isa = PBXBuildFile; fileRef = 855E4ABC2901D3BF00DA8276 /* NSMutableAttributedString+Extension.swift */; };
		855E4ABF2901E08100DA8276 /* String+Extension.swift in Sources */ = {isa = PBXBuildFile; fileRef = 855E4ABE2901E08100DA8276 /* String+Extension.swift */; };
		855E4AD32902C24F00DA8276 /* MainTabBarController.swift in Sources */ = {isa = PBXBuildFile; fileRef = 855E4AD22902C24F00DA8276 /* MainTabBarController.swift */; };
		855E4AE129031EE500DA8276 /* ProfileViewController.swift in Sources */ = {isa = PBXBuildFile; fileRef = 855E4AE029031EE500DA8276 /* ProfileViewController.swift */; };
		855E4AE3290331EA00DA8276 /* ProfileItem.swift in Sources */ = {isa = PBXBuildFile; fileRef = 855E4AE2290331EA00DA8276 /* ProfileItem.swift */; };
		858C3154290029C600B1D844 /* ActionsViewController.swift in Sources */ = {isa = PBXBuildFile; fileRef = 858C3153290029C600B1D844 /* ActionsViewController.swift */; };
		858C315B29002C3300B1D844 /* ActionsItem.swift in Sources */ = {isa = PBXBuildFile; fileRef = 858C315A29002C3300B1D844 /* ActionsItem.swift */; };
		858C3166290036E700B1D844 /* ActionContent.swift in Sources */ = {isa = PBXBuildFile; fileRef = 858C3165290036E700B1D844 /* ActionContent.swift */; };
		858C316E2900404900B1D844 /* ActionPostTableViewCell.swift in Sources */ = {isa = PBXBuildFile; fileRef = 858C316C2900404900B1D844 /* ActionPostTableViewCell.swift */; };
		858C316F2900404900B1D844 /* ActionPostTableViewCell.xib in Resources */ = {isa = PBXBuildFile; fileRef = 858C316D2900404900B1D844 /* ActionPostTableViewCell.xib */; };
		85B6D0D928FD4DB600DB5268 /* AppDelegate.swift in Sources */ = {isa = PBXBuildFile; fileRef = 85B6D0D828FD4DB600DB5268 /* AppDelegate.swift */; };
		85B6D0DB28FD4DB600DB5268 /* SceneDelegate.swift in Sources */ = {isa = PBXBuildFile; fileRef = 85B6D0DA28FD4DB600DB5268 /* SceneDelegate.swift */; };
		85B6D0E028FD4DB600DB5268 /* Main.storyboard in Resources */ = {isa = PBXBuildFile; fileRef = 85B6D0DE28FD4DB600DB5268 /* Main.storyboard */; };
		85B6D0E228FD4DB800DB5268 /* Assets.xcassets in Resources */ = {isa = PBXBuildFile; fileRef = 85B6D0E128FD4DB800DB5268 /* Assets.xcassets */; };
		85B6D0E528FD4DB800DB5268 /* LaunchScreen.storyboard in Resources */ = {isa = PBXBuildFile; fileRef = 85B6D0E328FD4DB800DB5268 /* LaunchScreen.storyboard */; };
		85B6D0EE28FD825A00DB5268 /* HomeViewController.swift in Sources */ = {isa = PBXBuildFile; fileRef = 85B6D0ED28FD825A00DB5268 /* HomeViewController.swift */; };
		85B6D10528FDBB9700DB5268 /* InstaItem.swift in Sources */ = {isa = PBXBuildFile; fileRef = 85B6D10428FDBB9700DB5268 /* InstaItem.swift */; };
/* End PBXBuildFile section */

/* Begin PBXFileReference section */
		850B6737290458400032B34E /* HighlightsTableViewCell.swift */ = {isa = PBXFileReference; lastKnownFileType = sourcecode.swift; path = HighlightsTableViewCell.swift; sourceTree = "<group>"; };
		850B6738290458400032B34E /* HighlightsTableViewCell.xib */ = {isa = PBXFileReference; lastKnownFileType = file.xib; path = HighlightsTableViewCell.xib; sourceTree = "<group>"; };
		850B673B290458690032B34E /* HighlightsCollectionViewCell.swift */ = {isa = PBXFileReference; lastKnownFileType = sourcecode.swift; path = HighlightsCollectionViewCell.swift; sourceTree = "<group>"; };
		850B673C290458690032B34E /* HighlightsCollectionViewCell.xib */ = {isa = PBXFileReference; lastKnownFileType = file.xib; path = HighlightsCollectionViewCell.xib; sourceTree = "<group>"; };
		850B673F290471140032B34E /* Highlight.swift */ = {isa = PBXFileReference; lastKnownFileType = sourcecode.swift; path = Highlight.swift; sourceTree = "<group>"; };
		850B674529047DBF0032B34E /* PostsTableViewCell.swift */ = {isa = PBXFileReference; lastKnownFileType = sourcecode.swift; path = PostsTableViewCell.swift; sourceTree = "<group>"; };
		850B674629047DBF0032B34E /* PostsTableViewCell.xib */ = {isa = PBXFileReference; lastKnownFileType = file.xib; path = PostsTableViewCell.xib; sourceTree = "<group>"; };
		850B674A290486760032B34E /* PostCollectionViewCell.swift */ = {isa = PBXFileReference; lastKnownFileType = sourcecode.swift; path = PostCollectionViewCell.swift; sourceTree = "<group>"; };
		850B674B290486760032B34E /* PostCollectionViewCell.xib */ = {isa = PBXFileReference; lastKnownFileType = file.xib; path = PostCollectionViewCell.xib; sourceTree = "<group>"; };
		850B674E290487030032B34E /* Post.swift */ = {isa = PBXFileReference; lastKnownFileType = sourcecode.swift; path = Post.swift; sourceTree = "<group>"; };
		855E4AB729004CD200DA8276 /* ActionSubscribeTableViewCell.swift */ = {isa = PBXFileReference; lastKnownFileType = sourcecode.swift; path = ActionSubscribeTableViewCell.swift; sourceTree = "<group>"; };
		855E4AB829004CD200DA8276 /* ActionSubscribeTableViewCell.xib */ = {isa = PBXFileReference; lastKnownFileType = file.xib; path = ActionSubscribeTableViewCell.xib; sourceTree = "<group>"; };
		855E4ABC2901D3BF00DA8276 /* NSMutableAttributedString+Extension.swift */ = {isa = PBXFileReference; lastKnownFileType = sourcecode.swift; path = "NSMutableAttributedString+Extension.swift"; sourceTree = "<group>"; };
		855E4ABE2901E08100DA8276 /* String+Extension.swift */ = {isa = PBXFileReference; lastKnownFileType = sourcecode.swift; path = "String+Extension.swift"; sourceTree = "<group>"; };
		855E4AD22902C24F00DA8276 /* MainTabBarController.swift */ = {isa = PBXFileReference; lastKnownFileType = sourcecode.swift; path = MainTabBarController.swift; sourceTree = "<group>"; };
		855E4AE029031EE500DA8276 /* ProfileViewController.swift */ = {isa = PBXFileReference; lastKnownFileType = sourcecode.swift; path = ProfileViewController.swift; sourceTree = "<group>"; };
		855E4AE2290331EA00DA8276 /* ProfileItem.swift */ = {isa = PBXFileReference; lastKnownFileType = sourcecode.swift; path = ProfileItem.swift; sourceTree = "<group>"; };
		858C3153290029C600B1D844 /* ActionsViewController.swift */ = {isa = PBXFileReference; lastKnownFileType = sourcecode.swift; path = ActionsViewController.swift; sourceTree = "<group>"; };
		858C315A29002C3300B1D844 /* ActionsItem.swift */ = {isa = PBXFileReference; lastKnownFileType = sourcecode.swift; path = ActionsItem.swift; sourceTree = "<group>"; };
		858C3165290036E700B1D844 /* ActionContent.swift */ = {isa = PBXFileReference; lastKnownFileType = sourcecode.swift; path = ActionContent.swift; sourceTree = "<group>"; };
		858C316C2900404900B1D844 /* ActionPostTableViewCell.swift */ = {isa = PBXFileReference; lastKnownFileType = sourcecode.swift; path = ActionPostTableViewCell.swift; sourceTree = "<group>"; };
		858C316D2900404900B1D844 /* ActionPostTableViewCell.xib */ = {isa = PBXFileReference; lastKnownFileType = file.xib; path = ActionPostTableViewCell.xib; sourceTree = "<group>"; };
		85B6D0D528FD4DB600DB5268 /* Insta.app */ = {isa = PBXFileReference; explicitFileType = wrapper.application; includeInIndex = 0; path = Insta.app; sourceTree = BUILT_PRODUCTS_DIR; };
		85B6D0D828FD4DB600DB5268 /* AppDelegate.swift */ = {isa = PBXFileReference; lastKnownFileType = sourcecode.swift; path = AppDelegate.swift; sourceTree = "<group>"; };
		85B6D0DA28FD4DB600DB5268 /* SceneDelegate.swift */ = {isa = PBXFileReference; lastKnownFileType = sourcecode.swift; path = SceneDelegate.swift; sourceTree = "<group>"; };
		85B6D0DF28FD4DB600DB5268 /* Base */ = {isa = PBXFileReference; lastKnownFileType = file.storyboard; name = Base; path = Base.lproj/Main.storyboard; sourceTree = "<group>"; };
		85B6D0E128FD4DB800DB5268 /* Assets.xcassets */ = {isa = PBXFileReference; lastKnownFileType = folder.assetcatalog; path = Assets.xcassets; sourceTree = "<group>"; };
		85B6D0E428FD4DB800DB5268 /* Base */ = {isa = PBXFileReference; lastKnownFileType = file.storyboard; name = Base; path = Base.lproj/LaunchScreen.storyboard; sourceTree = "<group>"; };
		85B6D0E628FD4DB800DB5268 /* Info.plist */ = {isa = PBXFileReference; lastKnownFileType = text.plist.xml; path = Info.plist; sourceTree = "<group>"; };
		85B6D0ED28FD825A00DB5268 /* HomeViewController.swift */ = {isa = PBXFileReference; lastKnownFileType = sourcecode.swift; path = HomeViewController.swift; sourceTree = "<group>"; };
		85B6D10428FDBB9700DB5268 /* InstaItem.swift */ = {isa = PBXFileReference; lastKnownFileType = sourcecode.swift; path = InstaItem.swift; sourceTree = "<group>"; };
/* End PBXFileReference section */

/* Begin PBXFrameworksBuildPhase section */
		85B6D0D228FD4DB600DB5268 /* Frameworks */ = {
			isa = PBXFrameworksBuildPhase;
			buildActionMask = 2147483647;
			files = (
			);
			runOnlyForDeploymentPostprocessing = 0;
		};
/* End PBXFrameworksBuildPhase section */

/* Begin PBXGroup section */
		850B674129047C5C0032B34E /* Cells */ = {
			isa = PBXGroup;
			children = (
				850B6749290486520032B34E /* PostCollectionViewCell */,
				850B674429047D950032B34E /* PostsTableViewCell */,
				850B674329047C7A0032B34E /* HighlightsCollectionViewCell */,
				850B674229047C6B0032B34E /* HighlightsTableViewCell */,
			);
			path = Cells;
			sourceTree = "<group>";
		};
		850B674229047C6B0032B34E /* HighlightsTableViewCell */ = {
			isa = PBXGroup;
			children = (
				850B6737290458400032B34E /* HighlightsTableViewCell.swift */,
				850B6738290458400032B34E /* HighlightsTableViewCell.xib */,
			);
			path = HighlightsTableViewCell;
			sourceTree = "<group>";
		};
		850B674329047C7A0032B34E /* HighlightsCollectionViewCell */ = {
			isa = PBXGroup;
			children = (
				850B673B290458690032B34E /* HighlightsCollectionViewCell.swift */,
				850B673C290458690032B34E /* HighlightsCollectionViewCell.xib */,
			);
			path = HighlightsCollectionViewCell;
			sourceTree = "<group>";
		};
		850B674429047D950032B34E /* PostsTableViewCell */ = {
			isa = PBXGroup;
			children = (
				850B674529047DBF0032B34E /* PostsTableViewCell.swift */,
				850B674629047DBF0032B34E /* PostsTableViewCell.xib */,
			);
			path = PostsTableViewCell;
			sourceTree = "<group>";
		};
		850B6749290486520032B34E /* PostCollectionViewCell */ = {
			isa = PBXGroup;
			children = (
				850B674A290486760032B34E /* PostCollectionViewCell.swift */,
				850B674B290486760032B34E /* PostCollectionViewCell.xib */,
			);
			path = PostCollectionViewCell;
			sourceTree = "<group>";
		};
		85223D2B28FF5D03007DA9B0 /* HomeViewController */ = {
			isa = PBXGroup;
			children = (
				85B6D0ED28FD825A00DB5268 /* HomeViewController.swift */,
			);
			path = HomeViewController;
			sourceTree = "<group>";
		};
		855E4AB629004CB600DA8276 /* ActionSubscribeTableViewCell */ = {
			isa = PBXGroup;
			children = (
				855E4AB729004CD200DA8276 /* ActionSubscribeTableViewCell.swift */,
				855E4AB829004CD200DA8276 /* ActionSubscribeTableViewCell.xib */,
			);
			path = ActionSubscribeTableViewCell;
			sourceTree = "<group>";
		};
		855E4ABB2901D3A900DA8276 /* Extensions */ = {
			isa = PBXGroup;
			children = (
				855E4ABC2901D3BF00DA8276 /* NSMutableAttributedString+Extension.swift */,
				855E4ABE2901E08100DA8276 /* String+Extension.swift */,
			);
			path = Extensions;
			sourceTree = "<group>";
		};
		855E4ADD29031EA600DA8276 /* ProfileViewController */ = {
			isa = PBXGroup;
			children = (
				855E4AE029031EE500DA8276 /* ProfileViewController.swift */,
				850B674129047C5C0032B34E /* Cells */,
				855E4AE2290331EA00DA8276 /* ProfileItem.swift */,
				850B673F290471140032B34E /* Highlight.swift */,
				850B674E290487030032B34E /* Post.swift */,
			);
			path = ProfileViewController;
			sourceTree = "<group>";
		};
		858C315529002BC800B1D844 /* ActionsViewController */ = {
			isa = PBXGroup;
			children = (
				858C315929002C1B00B1D844 /* Model */,
				858C315629002BD400B1D844 /* ViewController */,
			);
			path = ActionsViewController;
			sourceTree = "<group>";
		};
		858C315629002BD400B1D844 /* ViewController */ = {
			isa = PBXGroup;
			children = (
				858C3153290029C600B1D844 /* ActionsViewController.swift */,
				858C315729002BE200B1D844 /* Cells */,
			);
			path = ViewController;
			sourceTree = "<group>";
		};
		858C315729002BE200B1D844 /* Cells */ = {
			isa = PBXGroup;
			children = (
				855E4AB629004CB600DA8276 /* ActionSubscribeTableViewCell */,
				858C316B2900402F00B1D844 /* ActionPostTableViewCell */,
			);
			path = Cells;
			sourceTree = "<group>";
		};
		858C315929002C1B00B1D844 /* Model */ = {
			isa = PBXGroup;
			children = (
				858C315A29002C3300B1D844 /* ActionsItem.swift */,
				858C3165290036E700B1D844 /* ActionContent.swift */,
			);
			path = Model;
			sourceTree = "<group>";
		};
		858C316B2900402F00B1D844 /* ActionPostTableViewCell */ = {
			isa = PBXGroup;
			children = (
				858C316C2900404900B1D844 /* ActionPostTableViewCell.swift */,
				858C316D2900404900B1D844 /* ActionPostTableViewCell.xib */,
			);
			path = ActionPostTableViewCell;
			sourceTree = "<group>";
		};
		85B6D0CC28FD4DB600DB5268 = {
			isa = PBXGroup;
			children = (
				85B6D0D728FD4DB600DB5268 /* Insta */,
				85B6D0D628FD4DB600DB5268 /* Products */,
			);
			sourceTree = "<group>";
		};
		85B6D0D628FD4DB600DB5268 /* Products */ = {
			isa = PBXGroup;
			children = (
				85B6D0D528FD4DB600DB5268 /* Insta.app */,
			);
			name = Products;
			sourceTree = "<group>";
		};
		85B6D0D728FD4DB600DB5268 /* Insta */ = {
			isa = PBXGroup;
			children = (
				855E4ADD29031EA600DA8276 /* ProfileViewController */,
				855E4AD22902C24F00DA8276 /* MainTabBarController.swift */,
				85B6D0D828FD4DB600DB5268 /* AppDelegate.swift */,
				85B6D0DA28FD4DB600DB5268 /* SceneDelegate.swift */,
				858C315529002BC800B1D844 /* ActionsViewController */,
				85223D2B28FF5D03007DA9B0 /* HomeViewController */,
				855E4ABB2901D3A900DA8276 /* Extensions */,
				85B6D10428FDBB9700DB5268 /* InstaItem.swift */,
				85B6D0DE28FD4DB600DB5268 /* Main.storyboard */,
				85B6D0E128FD4DB800DB5268 /* Assets.xcassets */,
				85B6D0E328FD4DB800DB5268 /* LaunchScreen.storyboard */,
				85B6D0E628FD4DB800DB5268 /* Info.plist */,
			);
			path = Insta;
			sourceTree = "<group>";
		};
/* End PBXGroup section */

/* Begin PBXNativeTarget section */
		85B6D0D428FD4DB600DB5268 /* Insta */ = {
			isa = PBXNativeTarget;
			buildConfigurationList = 85B6D0E928FD4DB800DB5268 /* Build configuration list for PBXNativeTarget "Insta" */;
			buildPhases = (
				85B6D0EC28FD4E8300DB5268 /* SwiftLint */,
				85B6D0D128FD4DB600DB5268 /* Sources */,
				85B6D0D228FD4DB600DB5268 /* Frameworks */,
				85B6D0D328FD4DB600DB5268 /* Resources */,
			);
			buildRules = (
			);
			dependencies = (
			);
			name = Insta;
			productName = Insta;
			productReference = 85B6D0D528FD4DB600DB5268 /* Insta.app */;
			productType = "com.apple.product-type.application";
		};
/* End PBXNativeTarget section */

/* Begin PBXProject section */
		85B6D0CD28FD4DB600DB5268 /* Project object */ = {
			isa = PBXProject;
			attributes = {
				BuildIndependentTargetsInParallel = 1;
				LastSwiftUpdateCheck = 1340;
				LastUpgradeCheck = 1340;
				TargetAttributes = {
					85B6D0D428FD4DB600DB5268 = {
						CreatedOnToolsVersion = 13.4.1;
					};
				};
			};
			buildConfigurationList = 85B6D0D028FD4DB600DB5268 /* Build configuration list for PBXProject "Insta" */;
			compatibilityVersion = "Xcode 13.0";
			developmentRegion = en;
			hasScannedForEncodings = 0;
			knownRegions = (
				en,
				Base,
			);
			mainGroup = 85B6D0CC28FD4DB600DB5268;
			productRefGroup = 85B6D0D628FD4DB600DB5268 /* Products */;
			projectDirPath = "";
			projectRoot = "";
			targets = (
				85B6D0D428FD4DB600DB5268 /* Insta */,
			);
		};
/* End PBXProject section */

/* Begin PBXResourcesBuildPhase section */
		85B6D0D328FD4DB600DB5268 /* Resources */ = {
			isa = PBXResourcesBuildPhase;
			buildActionMask = 2147483647;
			files = (
				850B673A290458400032B34E /* HighlightsTableViewCell.xib in Resources */,
				855E4ABA29004CD200DA8276 /* ActionSubscribeTableViewCell.xib in Resources */,
				85B6D0E528FD4DB800DB5268 /* LaunchScreen.storyboard in Resources */,
				850B674829047DBF0032B34E /* PostsTableViewCell.xib in Resources */,
				85B6D0E228FD4DB800DB5268 /* Assets.xcassets in Resources */,
				850B674D290486760032B34E /* PostCollectionViewCell.xib in Resources */,
				858C316F2900404900B1D844 /* ActionPostTableViewCell.xib in Resources */,
				85B6D0E028FD4DB600DB5268 /* Main.storyboard in Resources */,
				850B673E290458690032B34E /* HighlightsCollectionViewCell.xib in Resources */,
			);
			runOnlyForDeploymentPostprocessing = 0;
		};
/* End PBXResourcesBuildPhase section */

/* Begin PBXShellScriptBuildPhase section */
		85B6D0EC28FD4E8300DB5268 /* SwiftLint */ = {
			isa = PBXShellScriptBuildPhase;
			buildActionMask = 2147483647;
			files = (
			);
			inputFileListPaths = (
			);
			inputPaths = (
			);
			name = SwiftLint;
			outputFileListPaths = (
			);
			outputPaths = (
			);
			runOnlyForDeploymentPostprocessing = 0;
			shellPath = /bin/sh;
			shellScript = "export PATH=\"$PATH:/opt/homebrew/bin\"\nif which swiftlint > /dev/null; then\n  swiftlint\nelse\n  echo \"warning: SwiftLint not installed, download from https://github.com/realm/SwiftLint\"\nfi\n";
		};
/* End PBXShellScriptBuildPhase section */

/* Begin PBXSourcesBuildPhase section */
		85B6D0D128FD4DB600DB5268 /* Sources */ = {
			isa = PBXSourcesBuildPhase;
			buildActionMask = 2147483647;
			files = (
				858C3154290029C600B1D844 /* ActionsViewController.swift in Sources */,
				855E4AB929004CD200DA8276 /* ActionSubscribeTableViewCell.swift in Sources */,
				855E4AE3290331EA00DA8276 /* ProfileItem.swift in Sources */,
				855E4AD32902C24F00DA8276 /* MainTabBarController.swift in Sources */,
				850B6739290458400032B34E /* HighlightsTableViewCell.swift in Sources */,
				855E4ABD2901D3BF00DA8276 /* NSMutableAttributedString+Extension.swift in Sources */,
				858C3166290036E700B1D844 /* ActionContent.swift in Sources */,
				85B6D0D928FD4DB600DB5268 /* AppDelegate.swift in Sources */,
				855E4ABF2901E08100DA8276 /* String+Extension.swift in Sources */,
				85B6D10528FDBB9700DB5268 /* InstaItem.swift in Sources */,
				858C316E2900404900B1D844 /* ActionPostTableViewCell.swift in Sources */,
				850B673D290458690032B34E /* HighlightsCollectionViewCell.swift in Sources */,
				850B6740290471140032B34E /* Highlight.swift in Sources */,
				85B6D0EE28FD825A00DB5268 /* HomeViewController.swift in Sources */,
				850B674C290486760032B34E /* PostCollectionViewCell.swift in Sources */,
				855E4AE129031EE500DA8276 /* ProfileViewController.swift in Sources */,
				850B674729047DBF0032B34E /* PostsTableViewCell.swift in Sources */,
				85B6D0DB28FD4DB600DB5268 /* SceneDelegate.swift in Sources */,
				858C315B29002C3300B1D844 /* ActionsItem.swift in Sources */,
				850B674F290487030032B34E /* Post.swift in Sources */,
			);
			runOnlyForDeploymentPostprocessing = 0;
		};
/* End PBXSourcesBuildPhase section */

/* Begin PBXVariantGroup section */
		85B6D0DE28FD4DB600DB5268 /* Main.storyboard */ = {
			isa = PBXVariantGroup;
			children = (
				85B6D0DF28FD4DB600DB5268 /* Base */,
			);
			name = Main.storyboard;
			sourceTree = "<group>";
		};
		85B6D0E328FD4DB800DB5268 /* LaunchScreen.storyboard */ = {
			isa = PBXVariantGroup;
			children = (
				85B6D0E428FD4DB800DB5268 /* Base */,
			);
			name = LaunchScreen.storyboard;
			sourceTree = "<group>";
		};
/* End PBXVariantGroup section */

/* Begin XCBuildConfiguration section */
		85B6D0E728FD4DB800DB5268 /* Debug */ = {
			isa = XCBuildConfiguration;
			buildSettings = {
				ALWAYS_SEARCH_USER_PATHS = NO;
				CLANG_ANALYZER_NONNULL = YES;
				CLANG_ANALYZER_NUMBER_OBJECT_CONVERSION = YES_AGGRESSIVE;
				CLANG_CXX_LANGUAGE_STANDARD = "gnu++17";
				CLANG_ENABLE_MODULES = YES;
				CLANG_ENABLE_OBJC_ARC = YES;
				CLANG_ENABLE_OBJC_WEAK = YES;
				CLANG_WARN_BLOCK_CAPTURE_AUTORELEASING = YES;
				CLANG_WARN_BOOL_CONVERSION = YES;
				CLANG_WARN_COMMA = YES;
				CLANG_WARN_CONSTANT_CONVERSION = YES;
				CLANG_WARN_DEPRECATED_OBJC_IMPLEMENTATIONS = YES;
				CLANG_WARN_DIRECT_OBJC_ISA_USAGE = YES_ERROR;
				CLANG_WARN_DOCUMENTATION_COMMENTS = YES;
				CLANG_WARN_EMPTY_BODY = YES;
				CLANG_WARN_ENUM_CONVERSION = YES;
				CLANG_WARN_INFINITE_RECURSION = YES;
				CLANG_WARN_INT_CONVERSION = YES;
				CLANG_WARN_NON_LITERAL_NULL_CONVERSION = YES;
				CLANG_WARN_OBJC_IMPLICIT_RETAIN_SELF = YES;
				CLANG_WARN_OBJC_LITERAL_CONVERSION = YES;
				CLANG_WARN_OBJC_ROOT_CLASS = YES_ERROR;
				CLANG_WARN_QUOTED_INCLUDE_IN_FRAMEWORK_HEADER = YES;
				CLANG_WARN_RANGE_LOOP_ANALYSIS = YES;
				CLANG_WARN_STRICT_PROTOTYPES = YES;
				CLANG_WARN_SUSPICIOUS_MOVE = YES;
				CLANG_WARN_UNGUARDED_AVAILABILITY = YES_AGGRESSIVE;
				CLANG_WARN_UNREACHABLE_CODE = YES;
				CLANG_WARN__DUPLICATE_METHOD_MATCH = YES;
				COPY_PHASE_STRIP = NO;
				DEBUG_INFORMATION_FORMAT = dwarf;
				ENABLE_STRICT_OBJC_MSGSEND = YES;
				ENABLE_TESTABILITY = YES;
				GCC_C_LANGUAGE_STANDARD = gnu11;
				GCC_DYNAMIC_NO_PIC = NO;
				GCC_NO_COMMON_BLOCKS = YES;
				GCC_OPTIMIZATION_LEVEL = 0;
				GCC_PREPROCESSOR_DEFINITIONS = (
					"DEBUG=1",
					"$(inherited)",
				);
				GCC_WARN_64_TO_32_BIT_CONVERSION = YES;
				GCC_WARN_ABOUT_RETURN_TYPE = YES_ERROR;
				GCC_WARN_UNDECLARED_SELECTOR = YES;
				GCC_WARN_UNINITIALIZED_AUTOS = YES_AGGRESSIVE;
				GCC_WARN_UNUSED_FUNCTION = YES;
				GCC_WARN_UNUSED_VARIABLE = YES;
				IPHONEOS_DEPLOYMENT_TARGET = 15.5;
				MTL_ENABLE_DEBUG_INFO = INCLUDE_SOURCE;
				MTL_FAST_MATH = YES;
				ONLY_ACTIVE_ARCH = YES;
				SDKROOT = iphoneos;
				SWIFT_ACTIVE_COMPILATION_CONDITIONS = DEBUG;
				SWIFT_OPTIMIZATION_LEVEL = "-Onone";
			};
			name = Debug;
		};
		85B6D0E828FD4DB800DB5268 /* Release */ = {
			isa = XCBuildConfiguration;
			buildSettings = {
				ALWAYS_SEARCH_USER_PATHS = NO;
				CLANG_ANALYZER_NONNULL = YES;
				CLANG_ANALYZER_NUMBER_OBJECT_CONVERSION = YES_AGGRESSIVE;
				CLANG_CXX_LANGUAGE_STANDARD = "gnu++17";
				CLANG_ENABLE_MODULES = YES;
				CLANG_ENABLE_OBJC_ARC = YES;
				CLANG_ENABLE_OBJC_WEAK = YES;
				CLANG_WARN_BLOCK_CAPTURE_AUTORELEASING = YES;
				CLANG_WARN_BOOL_CONVERSION = YES;
				CLANG_WARN_COMMA = YES;
				CLANG_WARN_CONSTANT_CONVERSION = YES;
				CLANG_WARN_DEPRECATED_OBJC_IMPLEMENTATIONS = YES;
				CLANG_WARN_DIRECT_OBJC_ISA_USAGE = YES_ERROR;
				CLANG_WARN_DOCUMENTATION_COMMENTS = YES;
				CLANG_WARN_EMPTY_BODY = YES;
				CLANG_WARN_ENUM_CONVERSION = YES;
				CLANG_WARN_INFINITE_RECURSION = YES;
				CLANG_WARN_INT_CONVERSION = YES;
				CLANG_WARN_NON_LITERAL_NULL_CONVERSION = YES;
				CLANG_WARN_OBJC_IMPLICIT_RETAIN_SELF = YES;
				CLANG_WARN_OBJC_LITERAL_CONVERSION = YES;
				CLANG_WARN_OBJC_ROOT_CLASS = YES_ERROR;
				CLANG_WARN_QUOTED_INCLUDE_IN_FRAMEWORK_HEADER = YES;
				CLANG_WARN_RANGE_LOOP_ANALYSIS = YES;
				CLANG_WARN_STRICT_PROTOTYPES = YES;
				CLANG_WARN_SUSPICIOUS_MOVE = YES;
				CLANG_WARN_UNGUARDED_AVAILABILITY = YES_AGGRESSIVE;
				CLANG_WARN_UNREACHABLE_CODE = YES;
				CLANG_WARN__DUPLICATE_METHOD_MATCH = YES;
				COPY_PHASE_STRIP = NO;
				DEBUG_INFORMATION_FORMAT = "dwarf-with-dsym";
				ENABLE_NS_ASSERTIONS = NO;
				ENABLE_STRICT_OBJC_MSGSEND = YES;
				GCC_C_LANGUAGE_STANDARD = gnu11;
				GCC_NO_COMMON_BLOCKS = YES;
				GCC_WARN_64_TO_32_BIT_CONVERSION = YES;
				GCC_WARN_ABOUT_RETURN_TYPE = YES_ERROR;
				GCC_WARN_UNDECLARED_SELECTOR = YES;
				GCC_WARN_UNINITIALIZED_AUTOS = YES_AGGRESSIVE;
				GCC_WARN_UNUSED_FUNCTION = YES;
				GCC_WARN_UNUSED_VARIABLE = YES;
				IPHONEOS_DEPLOYMENT_TARGET = 15.5;
				MTL_ENABLE_DEBUG_INFO = NO;
				MTL_FAST_MATH = YES;
				SDKROOT = iphoneos;
				SWIFT_COMPILATION_MODE = wholemodule;
				SWIFT_OPTIMIZATION_LEVEL = "-O";
				VALIDATE_PRODUCT = YES;
			};
			name = Release;
		};
		85B6D0EA28FD4DB800DB5268 /* Debug */ = {
			isa = XCBuildConfiguration;
			buildSettings = {
				ASSETCATALOG_COMPILER_APPICON_NAME = AppIcon;
				ASSETCATALOG_COMPILER_GLOBAL_ACCENT_COLOR_NAME = AccentColor;
				CODE_SIGN_STYLE = Automatic;
				CURRENT_PROJECT_VERSION = 1;
				DEVELOPMENT_TEAM = P29BZ53K6N;
				GENERATE_INFOPLIST_FILE = YES;
				INFOPLIST_FILE = Insta/Info.plist;
				INFOPLIST_KEY_UIApplicationSupportsIndirectInputEvents = YES;
				INFOPLIST_KEY_UILaunchStoryboardName = LaunchScreen;
				INFOPLIST_KEY_UIMainStoryboardFile = Main;
				INFOPLIST_KEY_UISupportedInterfaceOrientations_iPad = "UIInterfaceOrientationPortrait UIInterfaceOrientationPortraitUpsideDown UIInterfaceOrientationLandscapeLeft UIInterfaceOrientationLandscapeRight";
				INFOPLIST_KEY_UISupportedInterfaceOrientations_iPhone = "UIInterfaceOrientationPortrait UIInterfaceOrientationLandscapeLeft UIInterfaceOrientationLandscapeRight";
				LD_RUNPATH_SEARCH_PATHS = (
					"$(inherited)",
					"@executable_path/Frameworks",
				);
				MARKETING_VERSION = 1.0;
				PRODUCT_BUNDLE_IDENTIFIER = sa.Insta;
				PRODUCT_NAME = "$(TARGET_NAME)";
				SWIFT_EMIT_LOC_STRINGS = YES;
				SWIFT_VERSION = 5.0;
				TARGETED_DEVICE_FAMILY = "1,2";
			};
			name = Debug;
		};
		85B6D0EB28FD4DB800DB5268 /* Release */ = {
			isa = XCBuildConfiguration;
			buildSettings = {
				ASSETCATALOG_COMPILER_APPICON_NAME = AppIcon;
				ASSETCATALOG_COMPILER_GLOBAL_ACCENT_COLOR_NAME = AccentColor;
				CODE_SIGN_STYLE = Automatic;
				CURRENT_PROJECT_VERSION = 1;
				DEVELOPMENT_TEAM = P29BZ53K6N;
				GENERATE_INFOPLIST_FILE = YES;
				INFOPLIST_FILE = Insta/Info.plist;
				INFOPLIST_KEY_UIApplicationSupportsIndirectInputEvents = YES;
				INFOPLIST_KEY_UILaunchStoryboardName = LaunchScreen;
				INFOPLIST_KEY_UIMainStoryboardFile = Main;
				INFOPLIST_KEY_UISupportedInterfaceOrientations_iPad = "UIInterfaceOrientationPortrait UIInterfaceOrientationPortraitUpsideDown UIInterfaceOrientationLandscapeLeft UIInterfaceOrientationLandscapeRight";
				INFOPLIST_KEY_UISupportedInterfaceOrientations_iPhone = "UIInterfaceOrientationPortrait UIInterfaceOrientationLandscapeLeft UIInterfaceOrientationLandscapeRight";
				LD_RUNPATH_SEARCH_PATHS = (
					"$(inherited)",
					"@executable_path/Frameworks",
				);
				MARKETING_VERSION = 1.0;
				PRODUCT_BUNDLE_IDENTIFIER = sa.Insta;
				PRODUCT_NAME = "$(TARGET_NAME)";
				SWIFT_EMIT_LOC_STRINGS = YES;
				SWIFT_VERSION = 5.0;
				TARGETED_DEVICE_FAMILY = "1,2";
			};
			name = Release;
		};
/* End XCBuildConfiguration section */

/* Begin XCConfigurationList section */
		85B6D0D028FD4DB600DB5268 /* Build configuration list for PBXProject "Insta" */ = {
			isa = XCConfigurationList;
			buildConfigurations = (
				85B6D0E728FD4DB800DB5268 /* Debug */,
				85B6D0E828FD4DB800DB5268 /* Release */,
			);
			defaultConfigurationIsVisible = 0;
			defaultConfigurationName = Release;
		};
		85B6D0E928FD4DB800DB5268 /* Build configuration list for PBXNativeTarget "Insta" */ = {
			isa = XCConfigurationList;
			buildConfigurations = (
				85B6D0EA28FD4DB800DB5268 /* Debug */,
				85B6D0EB28FD4DB800DB5268 /* Release */,
			);
			defaultConfigurationIsVisible = 0;
			defaultConfigurationName = Release;
		};
/* End XCConfigurationList section */
	};
	rootObject = 85B6D0CD28FD4DB600DB5268 /* Project object */;
}
